
Microsoft Visual Studio Solution File, Format Version 12.00
# Visual Studio 14
VisualStudioVersion = 14.0.25420.1
MinimumVisualStudioVersion = 10.0.40219.1
Project("{FAE04EC0-301F-11D3-BF4B-00C04F79EFBC}") = "BBVA_GPS_InterfacesAutomaticas", "BBVA_GPS_InterfacesAutomaticas\BBVA_GPS_InterfacesAutomaticas.csproj", "{AA4E0A47-04A1-4EDA-A53A-437C9B4DD7C7}"
EndProject
Project("{FAE04EC0-301F-11D3-BF4B-00C04F79EFBC}") = "Suplacorp.GPS.BE", "Suplacorp.GPS.BE\Suplacorp.GPS.BE.csproj", "{032AECAF-EE90-4828-8158-F9B96E4338D1}"
EndProject
Project("{FAE04EC0-301F-11D3-BF4B-00C04F79EFBC}") = "Suplacorp.GPS.BL", "Suplacorp.GPS.BL\Suplacorp.GPS.BL.csproj", "{4EA56C35-03B1-4A01-934C-88ACB823DB94}"
EndProject
Project("{FAE04EC0-301F-11D3-BF4B-00C04F79EFBC}") = "Suplacorp.GPS.DAL", "Suplacorp.GPS.DAL\Suplacorp.GPS.DAL.csproj", "{257780C1-C5A8-45A6-A3A6-0ECB09C4F6FF}"
EndProject
Global
	GlobalSection(SolutionConfigurationPlatforms) = preSolution
		Debug|Any CPU = Debug|Any CPU
		Release|Any CPU = Release|Any CPU
	EndGlobalSection
	GlobalSection(ProjectConfigurationPlatforms) = postSolution
		{AA4E0A47-04A1-4EDA-A53A-437C9B4DD7C7}.Debug|Any CPU.ActiveCfg = Debug|Any CPU
		{AA4E0A47-04A1-4EDA-A53A-437C9B4DD7C7}.Debug|Any CPU.Build.0 = Debug|Any CPU
		{AA4E0A47-04A1-4EDA-A53A-437C9B4DD7C7}.Release|Any CPU.ActiveCfg = Release|Any CPU
		{AA4E0A47-04A1-4EDA-A53A-437C9B4DD7C7}.Release|Any CPU.Build.0 = Release|Any CPU
		{032AECAF-EE90-4828-8158-F9B96E4338D1}.Debug|Any CPU.ActiveCfg = Debug|Any CPU
		{032AECAF-EE90-4828-8158-F9B96E4338D1}.Debug|Any CPU.Build.0 = Debug|Any CPU
		{032AECAF-EE90-4828-8158-F9B96E4338D1}.Release|Any CPU.ActiveCfg = Release|Any CPU
		{032AECAF-EE90-4828-8158-F9B96E4338D1}.Release|Any CPU.Build.0 = Release|Any CPU
		{4EA56C35-03B1-4A01-934C-88ACB823DB94}.Debug|Any CPU.ActiveCfg = Debug|Any CPU
		{4EA56C35-03B1-4A01-934C-88ACB823DB94}.Debug|Any CPU.Build.0 = Debug|Any CPU
		{4EA56C35-03B1-4A01-934C-88ACB823DB94}.Release|Any CPU.ActiveCfg = Release|Any CPU
		{4EA56C35-03B1-4A01-934C-88ACB823DB94}.Release|Any CPU.Build.0 = Release|Any CPU
		{257780C1-C5A8-45A6-A3A6-0ECB09C4F6FF}.Debug|Any CPU.ActiveCfg = Debug|Any CPU
		{257780C1-C5A8-45A6-A3A6-0ECB09C4F6FF}.Debug|Any CPU.Build.0 = Debug|Any CPU
		{257780C1-C5A8-45A6-A3A6-0ECB09C4F6FF}.Release|Any CPU.ActiveCfg = Release|Any CPU
		{257780C1-C5A8-45A6-A3A6-0ECB09C4F6FF}.Release|Any CPU.Build.0 = Release|Any CPU
	EndGlobalSection
	GlobalSection(SolutionProperties) = preSolution
		HideSolutionNode = FALSE
	EndGlobalSection
	GlobalSection(ExtensibilityGlobals) = postSolution
		EnterpriseLibraryConfigurationToolBinariesPathV6 = packages\EnterpriseLibrary.Common.6.0.1304.0\lib\NET45;packages\EnterpriseLibrary.Data.6.0.1304.0\lib\NET45;packages\EnterpriseLibrary.Logging.6.0.1304.0\lib\NET45
	EndGlobalSection
EndGlobal
